// !$*UTF8*$!
{
	archiveVersion = 1;
	classes = {
	};
	objectVersion = 60;
	objects = {

/* Begin PBXBuildFile section */
		13B07FBF1A68108700A75B9A /* Images.xcassets in Resources */ = {isa = PBXBuildFile; fileRef = 13B07FB51A68108700A75B9A /* Images.xcassets */; };
		3E461D99554A48A4959DE609 /* SplashScreen.storyboard in Resources */ = {isa = PBXBuildFile; fileRef = AA286B85B6C04FC6940260E9 /* SplashScreen.storyboard */; };
		6E887579543C4A595B766A6E /* ExpoModulesProvider.swift in Sources */ = {isa = PBXBuildFile; fileRef = 59C3D87D9D79DDA6EC1C57DB /* ExpoModulesProvider.swift */; };
		700E682DA06D4115A0E03D68 /* LEMON.otf in Resources */ = {isa = PBXBuildFile; fileRef = CC1284DB09304038979CDE1C /* LEMON.otf */; };
		955B92E22ECC4C06002E117A /* IllusiShare.appex in Embed Foundation Extensions */ = {isa = PBXBuildFile; fileRef = 955B92D82ECC4C06002E117A /* IllusiShare.appex */; settings = {ATTRIBUTES = (RemoveHeadersOnCopy, ); }; };
		9E466D53283B6BC4C8CD9E2B /* libPods-Illusi.a in Frameworks */ = {isa = PBXBuildFile; fileRef = 84F149CB441388F9D57EB3BA /* libPods-Illusi.a */; };
		A1B2C3D4E5F601234567891B /* PhoneSceneDelegate.swift in Sources */ = {isa = PBXBuildFile; fileRef = A1B2C3D4E5F601234567891A /* PhoneSceneDelegate.swift */; };
		B1F63ED061BA45A4B1D77A05 /* StarsBorneoDEMO.ttf in Resources */ = {isa = PBXBuildFile; fileRef = C67FE139E15F406481A88218 /* StarsBorneoDEMO.ttf */; };
		BB2F792D24A3F905000567C9 /* Expo.plist in Resources */ = {isa = PBXBuildFile; fileRef = BB2F792C24A3F905000567C9 /* Expo.plist */; };
		F11748422D0307B40044C1D9 /* AppDelegate.swift in Sources */ = {isa = PBXBuildFile; fileRef = F11748412D0307B40044C1D9 /* AppDelegate.swift */; };
		FB52829F04B975E35F137CC0 /* PrivacyInfo.xcprivacy in Resources */ = {isa = PBXBuildFile; fileRef = 9DACABD2179F52579BBD2DD0 /* PrivacyInfo.xcprivacy */; };
/* End PBXBuildFile section */

/* Begin PBXContainerItemProxy section */
		955B92E02ECC4C06002E117A /* PBXContainerItemProxy */ = {
			isa = PBXContainerItemProxy;
			containerPortal = 83CBB9F71A601CBA00E9B192 /* Project object */;
			proxyType = 1;
			remoteGlobalIDString = 955B92D72ECC4C06002E117A;
			remoteInfo = IllusiShare;
		};
/* End PBXContainerItemProxy section */

/* Begin PBXCopyFilesBuildPhase section */
		955B92E32ECC4C06002E117A /* Embed Foundation Extensions */ = {
			isa = PBXCopyFilesBuildPhase;
			buildActionMask = 2147483647;
			dstPath = "";
			dstSubfolderSpec = 13;
			files = (
				955B92E22ECC4C06002E117A /* IllusiShare.appex in Embed Foundation Extensions */,
			);
			name = "Embed Foundation Extensions";
			runOnlyForDeploymentPostprocessing = 0;
		};
/* End PBXCopyFilesBuildPhase section */

/* Begin PBXFileReference section */
		13B07F961A680F5B00A75B9A /* Illusi.app */ = {isa = PBXFileReference; explicitFileType = wrapper.application; includeInIndex = 0; path = Illusi.app; sourceTree = BUILT_PRODUCTS_DIR; };
		13B07FB51A68108700A75B9A /* Images.xcassets */ = {isa = PBXFileReference; lastKnownFileType = folder.assetcatalog; name = Images.xcassets; path = Illusi/Images.xcassets; sourceTree = "<group>"; };
		13B07FB61A68108700A75B9A /* Info.plist */ = {isa = PBXFileReference; fileEncoding = 4; lastKnownFileType = text.plist.xml; name = Info.plist; path = Illusi/Info.plist; sourceTree = "<group>"; };
		4406923C55AF7E19F152796D /* Pods-Illusi.debug.xcconfig */ = {isa = PBXFileReference; includeInIndex = 1; lastKnownFileType = text.xcconfig; name = "Pods-Illusi.debug.xcconfig"; path = "Target Support Files/Pods-Illusi/Pods-Illusi.debug.xcconfig"; sourceTree = "<group>"; };
		59C3D87D9D79DDA6EC1C57DB /* ExpoModulesProvider.swift */ = {isa = PBXFileReference; includeInIndex = 1; lastKnownFileType = sourcecode.swift; name = ExpoModulesProvider.swift; path = "Pods/Target Support Files/Pods-Illusi/ExpoModulesProvider.swift"; sourceTree = "<group>"; };
		84F149CB441388F9D57EB3BA /* libPods-Illusi.a */ = {isa = PBXFileReference; explicitFileType = archive.ar; includeInIndex = 0; path = "libPods-Illusi.a"; sourceTree = BUILT_PRODUCTS_DIR; };
		955B92D82ECC4C06002E117A /* IllusiShare.appex */ = {isa = PBXFileReference; explicitFileType = "wrapper.app-extension"; includeInIndex = 0; path = IllusiShare.appex; sourceTree = BUILT_PRODUCTS_DIR; };
		959C0C762EBC9D79005F9050 /* IllusiRelease.entitlements */ = {isa = PBXFileReference; lastKnownFileType = text.plist.entitlements; name = IllusiRelease.entitlements; path = Illusi/IllusiRelease.entitlements; sourceTree = "<group>"; };
		9DACABD2179F52579BBD2DD0 /* PrivacyInfo.xcprivacy */ = {isa = PBXFileReference; includeInIndex = 1; lastKnownFileType = text.xml; name = PrivacyInfo.xcprivacy; path = Illusi/PrivacyInfo.xcprivacy; sourceTree = "<group>"; };
		A1B2C3D4E5F601234567891A /* PhoneSceneDelegate.swift */ = {isa = PBXFileReference; lastKnownFileType = sourcecode.swift; name = PhoneSceneDelegate.swift; path = Illusi/PhoneSceneDelegate.swift; sourceTree = "<group>"; };
		A2708CD63D81614D117B0341 /* Pods-Illusi.release.xcconfig */ = {isa = PBXFileReference; includeInIndex = 1; lastKnownFileType = text.xcconfig; name = "Pods-Illusi.release.xcconfig"; path = "Target Support Files/Pods-Illusi/Pods-Illusi.release.xcconfig"; sourceTree = "<group>"; };
		AA286B85B6C04FC6940260E9 /* SplashScreen.storyboard */ = {isa = PBXFileReference; fileEncoding = 4; lastKnownFileType = file.storyboard; name = SplashScreen.storyboard; path = Illusi/SplashScreen.storyboard; sourceTree = "<group>"; };
		BB2F792C24A3F905000567C9 /* Expo.plist */ = {isa = PBXFileReference; fileEncoding = 4; lastKnownFileType = text.plist.xml; path = Expo.plist; sourceTree = "<group>"; };
		C67FE139E15F406481A88218 /* StarsBorneoDEMO.ttf */ = {isa = PBXFileReference; explicitFileType = undefined; fileEncoding = undefined; includeInIndex = 0; lastKnownFileType = unknown; name = StarsBorneoDEMO.ttf; path = ../assets/fonts/StarsBorneoDEMO.ttf; sourceTree = "<group>"; };
		CC1284DB09304038979CDE1C /* LEMON.otf */ = {isa = PBXFileReference; explicitFileType = undefined; fileEncoding = undefined; includeInIndex = 0; lastKnownFileType = unknown; name = LEMON.otf; path = ../assets/fonts/LEMON.otf; sourceTree = "<group>"; };
		ED297162215061F000B7C4FE /* JavaScriptCore.framework */ = {isa = PBXFileReference; lastKnownFileType = wrapper.framework; name = JavaScriptCore.framework; path = System/Library/Frameworks/JavaScriptCore.framework; sourceTree = SDKROOT; };
		F11748412D0307B40044C1D9 /* AppDelegate.swift */ = {isa = PBXFileReference; lastKnownFileType = sourcecode.swift; name = AppDelegate.swift; path = Illusi/AppDelegate.swift; sourceTree = "<group>"; };
		F11748442D0722820044C1D9 /* Illusi-Bridging-Header.h */ = {isa = PBXFileReference; lastKnownFileType = sourcecode.c.h; name = "Illusi-Bridging-Header.h"; path = "Illusi/Illusi-Bridging-Header.h"; sourceTree = "<group>"; };
/* End PBXFileReference section */

/* Begin PBXFileSystemSynchronizedBuildFileExceptionSet section */
		955B92E62ECC4C06002E117A /* Exceptions for "IllusiShare" folder in "IllusiShare" target */ = {
			isa = PBXFileSystemSynchronizedBuildFileExceptionSet;
			membershipExceptions = (
				Info.plist,
			);
			target = 955B92D72ECC4C06002E117A /* IllusiShare */;
		};
/* End PBXFileSystemSynchronizedBuildFileExceptionSet section */

/* Begin PBXFileSystemSynchronizedRootGroup section */
		955B92D92ECC4C06002E117A /* IllusiShare */ = {
			isa = PBXFileSystemSynchronizedRootGroup;
			exceptions = (
				955B92E62ECC4C06002E117A /* Exceptions for "IllusiShare" folder in "IllusiShare" target */,
			);
			explicitFileTypes = {
			};
			explicitFolders = (
			);
			path = IllusiShare;
			sourceTree = "<group>";
		};
/* End PBXFileSystemSynchronizedRootGroup section */

/* Begin PBXFrameworksBuildPhase section */
		13B07F8C1A680F5B00A75B9A /* Frameworks */ = {
			isa = PBXFrameworksBuildPhase;
			buildActionMask = 2147483647;
			files = (
				9E466D53283B6BC4C8CD9E2B /* libPods-Illusi.a in Frameworks */,
			);
			runOnlyForDeploymentPostprocessing = 0;
		};
		955B92D52ECC4C06002E117A /* Frameworks */ = {
			isa = PBXFrameworksBuildPhase;
			buildActionMask = 2147483647;
			files = (
			);
			runOnlyForDeploymentPostprocessing = 0;
		};
/* End PBXFrameworksBuildPhase section */

/* Begin PBXGroup section */
		0320D2A3CC2FC2F51186F7FB /* Pods */ = {
			isa = PBXGroup;
			children = (
				4406923C55AF7E19F152796D /* Pods-Illusi.debug.xcconfig */,
				A2708CD63D81614D117B0341 /* Pods-Illusi.release.xcconfig */,
			);
			path = Pods;
			sourceTree = "<group>";
		};
		1071039BF26F5AE4B806D7F1 /* ExpoModulesProviders */ = {
			isa = PBXGroup;
			children = (
				20DCC1210BB671B04FEEE853 /* Illusi */,
			);
			name = ExpoModulesProviders;
			sourceTree = "<group>";
		};
		13B07FAE1A68108700A75B9A /* Illusi */ = {
			isa = PBXGroup;
			children = (
				959C0C762EBC9D79005F9050 /* IllusiRelease.entitlements */,
				F11748412D0307B40044C1D9 /* AppDelegate.swift */,
				A1B2C3D4E5F601234567891A /* PhoneSceneDelegate.swift */,
				F11748442D0722820044C1D9 /* Illusi-Bridging-Header.h */,
				BB2F792B24A3F905000567C9 /* Supporting */,
				13B07FB51A68108700A75B9A /* Images.xcassets */,
				13B07FB61A68108700A75B9A /* Info.plist */,
				AA286B85B6C04FC6940260E9 /* SplashScreen.storyboard */,
				9DACABD2179F52579BBD2DD0 /* PrivacyInfo.xcprivacy */,
			);
			name = Illusi;
			sourceTree = "<group>";
		};
		20DCC1210BB671B04FEEE853 /* Illusi */ = {
			isa = PBXGroup;
			children = (
				59C3D87D9D79DDA6EC1C57DB /* ExpoModulesProvider.swift */,
			);
			name = Illusi;
			sourceTree = "<group>";
		};
		2D16E6871FA4F8E400B85C8A /* Frameworks */ = {
			isa = PBXGroup;
			children = (
				ED297162215061F000B7C4FE /* JavaScriptCore.framework */,
				84F149CB441388F9D57EB3BA /* libPods-Illusi.a */,
			);
			name = Frameworks;
			sourceTree = "<group>";
		};
		3C3D220AFF60419C86A84456 /* Resources */ = {
			isa = PBXGroup;
			children = (
				CC1284DB09304038979CDE1C /* LEMON.otf */,
				C67FE139E15F406481A88218 /* StarsBorneoDEMO.ttf */,
			);
			name = Resources;
			path = "";
			sourceTree = "<group>";
		};
		832341AE1AAA6A7D00B99B32 /* Libraries */ = {
			isa = PBXGroup;
			children = (
			);
			name = Libraries;
			sourceTree = "<group>";
		};
		83CBB9F61A601CBA00E9B192 = {
			isa = PBXGroup;
			children = (
				13B07FAE1A68108700A75B9A /* Illusi */,
				832341AE1AAA6A7D00B99B32 /* Libraries */,
				955B92D92ECC4C06002E117A /* IllusiShare */,
				83CBBA001A601CBA00E9B192 /* Products */,
				2D16E6871FA4F8E400B85C8A /* Frameworks */,
				1071039BF26F5AE4B806D7F1 /* ExpoModulesProviders */,
				0320D2A3CC2FC2F51186F7FB /* Pods */,
				3C3D220AFF60419C86A84456 /* Resources */,
			);
			indentWidth = 2;
			sourceTree = "<group>";
			tabWidth = 2;
			usesTabs = 0;
		};
		83CBBA001A601CBA00E9B192 /* Products */ = {
			isa = PBXGroup;
			children = (
				13B07F961A680F5B00A75B9A /* Illusi.app */,
				955B92D82ECC4C06002E117A /* IllusiShare.appex */,
			);
			name = Products;
			sourceTree = "<group>";
		};
		BB2F792B24A3F905000567C9 /* Supporting */ = {
			isa = PBXGroup;
			children = (
				BB2F792C24A3F905000567C9 /* Expo.plist */,
			);
			name = Supporting;
			path = Illusi/Supporting;
			sourceTree = "<group>";
		};
/* End PBXGroup section */

/* Begin PBXNativeTarget section */
		13B07F861A680F5B00A75B9A /* Illusi */ = {
			isa = PBXNativeTarget;
			buildConfigurationList = 13B07F931A680F5B00A75B9A /* Build configuration list for PBXNativeTarget "Illusi" */;
			buildPhases = (
				A340E4F39D785F7AF25B92D0 /* [CP] Check Pods Manifest.lock */,
				EF30F230F9854A9DAA331048 /* [Expo] Configure project */,
				13B07F871A680F5B00A75B9A /* Sources */,
				13B07F8C1A680F5B00A75B9A /* Frameworks */,
				13B07F8E1A680F5B00A75B9A /* Resources */,
				00DD1BFF1BD5951E006B06BC /* Bundle React Native code and images */,
				1CDAFAEB68A3497DA3C85E90 /* Upload Debug Symbols to Sentry */,
				955B92E32ECC4C06002E117A /* Embed Foundation Extensions */,
				ABAE9063FAF0A43239106B0B /* [CP] Embed Pods Frameworks */,
				E7321C18D43912198F16980C /* [CP] Copy Pods Resources */,
				14546905EFC7C4B45266D028 /* [CP-User] [NODEJS MOBILE] Copy Node.js Project files */,
				E51AA9DEABBECC5595EB3716 /* [CP-User] [NODEJS MOBILE] Build Native Modules */,
				93494A72BAB7B4863E74C817 /* [CP-User] [NODEJS MOBILE] Sign Native Modules */,
				1067040E69FC0B86D030EF2F /* [CP-User] [NODEJS MOBILE] Remove Simulator Strip */,
				63C8282E6C4B476C8D695240 /* [Expo Dev Launcher] Strip Local Network Keys for Release */,
			);
			buildRules = (
			);
			dependencies = (
				955B92E12ECC4C06002E117A /* PBXTargetDependency */,
			);
			name = Illusi;
			productName = Illusi;
			productReference = 13B07F961A680F5B00A75B9A /* Illusi.app */;
			productType = "com.apple.product-type.application";
		};
		955B92D72ECC4C06002E117A /* IllusiShare */ = {
			isa = PBXNativeTarget;
			buildConfigurationList = 955B92E72ECC4C06002E117A /* Build configuration list for PBXNativeTarget "IllusiShare" */;
			buildPhases = (
				955B92D42ECC4C06002E117A /* Sources */,
				955B92D52ECC4C06002E117A /* Frameworks */,
				955B92D62ECC4C06002E117A /* Resources */,
			);
			buildRules = (
			);
			dependencies = (
			);
			fileSystemSynchronizedGroups = (
				955B92D92ECC4C06002E117A /* IllusiShare */,
			);
			name = IllusiShare;
			productName = IllusiShare;
			productReference = 955B92D82ECC4C06002E117A /* IllusiShare.appex */;
			productType = "com.apple.product-type.app-extension";
		};
/* End PBXNativeTarget section */

/* Begin PBXProject section */
		83CBB9F71A601CBA00E9B192 /* Project object */ = {
			isa = PBXProject;
			attributes = {
				LastSwiftUpdateCheck = 1620;
				LastUpgradeCheck = 1130;
				TargetAttributes = {
					13B07F861A680F5B00A75B9A = {
						DevelopmentTeam = 3HJCW252T6;
						LastSwiftMigration = 1250;
						ProvisioningStyle = Automatic;
					};
					955B92D72ECC4C06002E117A = {
						CreatedOnToolsVersion = 16.2;
					};
				};
			};
			buildConfigurationList = 83CBB9FA1A601CBA00E9B192 /* Build configuration list for PBXProject "Illusi" */;
			compatibilityVersion = "Xcode 3.2";
			developmentRegion = en;
			hasScannedForEncodings = 0;
			knownRegions = (
				en,
				Base,
			);
			mainGroup = 83CBB9F61A601CBA00E9B192;
			productRefGroup = 83CBBA001A601CBA00E9B192 /* Products */;
			projectDirPath = "";
			projectRoot = "";
			targets = (
				13B07F861A680F5B00A75B9A /* Illusi */,
				955B92D72ECC4C06002E117A /* IllusiShare */,
			);
		};
/* End PBXProject section */

/* Begin PBXResourcesBuildPhase section */
		13B07F8E1A680F5B00A75B9A /* Resources */ = {
			isa = PBXResourcesBuildPhase;
			buildActionMask = 2147483647;
			files = (
				BB2F792D24A3F905000567C9 /* Expo.plist in Resources */,
				13B07FBF1A68108700A75B9A /* Images.xcassets in Resources */,
				3E461D99554A48A4959DE609 /* SplashScreen.storyboard in Resources */,
				FB52829F04B975E35F137CC0 /* PrivacyInfo.xcprivacy in Resources */,
				700E682DA06D4115A0E03D68 /* LEMON.otf in Resources */,
				B1F63ED061BA45A4B1D77A05 /* StarsBorneoDEMO.ttf in Resources */,
			);
			runOnlyForDeploymentPostprocessing = 0;
		};
		955B92D62ECC4C06002E117A /* Resources */ = {
			isa = PBXResourcesBuildPhase;
			buildActionMask = 2147483647;
			files = (
			);
			runOnlyForDeploymentPostprocessing = 0;
		};
/* End PBXResourcesBuildPhase section */

/* Begin PBXShellScriptBuildPhase section */
		00DD1BFF1BD5951E006B06BC /* Bundle React Native code and images */ = {
			isa = PBXShellScriptBuildPhase;
			alwaysOutOfDate = 1;
			buildActionMask = 2147483647;
			files = (
			);
			inputPaths = (
				"$(SRCROOT)/.xcode.env",
				"$(SRCROOT)/.xcode.env.local",
			);
			name = "Bundle React Native code and images";
			outputPaths = (
			);
			runOnlyForDeploymentPostprocessing = 0;
			shellPath = /bin/sh;
			shellScript = "export NODE_BINARY=$(command -v node)\n\nif [[ -f \"$PODS_ROOT/../.xcode.env\" ]]; then\n  source \"$PODS_ROOT/../.xcode.env\"\nfi\nif [[ -f \"$PODS_ROOT/../.xcode.env.local\" ]]; then\n  source \"$PODS_ROOT/../.xcode.env.local\"\nfi\n\n# The project root by default is one level up from the ios directory\nexport PROJECT_ROOT=\"$PROJECT_DIR\"/..\n\nif [[ \"$CONFIGURATION\" = *Debug* ]]; then\n  export SKIP_BUNDLING=1\nfi\nif [[ -z \"$ENTRY_FILE\" ]]; then\n  # Set the entry JS file using the bundler's entry resolution.\n  export ENTRY_FILE=\"$(\"$NODE_BINARY\" -e \"require('expo/scripts/resolveAppEntry')\" \"$PROJECT_ROOT\" ios absolute | tail -n 1)\"\nfi\n\nif [[ -z \"$CLI_PATH\" ]]; then\n  # Use Expo CLI\n  export CLI_PATH=\"$(\"$NODE_BINARY\" --print \"require.resolve('@expo/cli', { paths: [require.resolve('expo/package.json')] })\")\"\nfi\nif [[ -z \"$BUNDLE_COMMAND\" ]]; then\n  # Default Expo CLI command for bundling\n  export BUNDLE_COMMAND=\"export:embed\"\nfi\n\n# Source .xcode.env.updates if it exists to allow\n# SKIP_BUNDLING to be unset if needed\nif [[ -f \"$PODS_ROOT/../.xcode.env.updates\" ]]; then\n  source \"$PODS_ROOT/../.xcode.env.updates\"\nfi\n# Source local changes to allow overrides\n# if needed\nif [[ -f \"$PODS_ROOT/../.xcode.env.local\" ]]; then\n  source \"$PODS_ROOT/../.xcode.env.local\"\nfi\n\n/bin/sh `\"$NODE_BINARY\" --print \"require('path').dirname(require.resolve('@sentry/react-native/package.json')) + '/scripts/sentry-xcode.sh'\"` `\"$NODE_BINARY\" --print \"require('path').dirname(require.resolve('react-native/package.json')) + '/scripts/react-native-xcode.sh'\"`\n\n";
		};
		1067040E69FC0B86D030EF2F /* [CP-User] [NODEJS MOBILE] Remove Simulator Strip */ = {
			isa = PBXShellScriptBuildPhase;
			buildActionMask = 2147483647;
			files = (
			);
			name = "[CP-User] [NODEJS MOBILE] Remove Simulator Strip";
			runOnlyForDeploymentPostprocessing = 0;
			shellPath = /bin/sh;
			shellScript = "#!/bin/sh\nset -e\n\nFRAMEWORK_BINARY_PATH=\"$TARGET_BUILD_DIR/$FRAMEWORKS_FOLDER_PATH/NodeMobile.framework/NodeMobile\"\nFRAMEWORK_STRIPPED_PATH=\"$FRAMEWORK_BINARY_PATH-strip\"\n\nif [ \"$PLATFORM_NAME\" != \"iphonesimulator\" ]; then\n  if $(lipo \"$FRAMEWORK_BINARY_PATH\" -verify_arch \"x86_64\") ; then\n    lipo -output \"$FRAMEWORK_STRIPPED_PATH\" -remove \"x86_64\" \"$FRAMEWORK_BINARY_PATH\"\n    rm \"$FRAMEWORK_BINARY_PATH\"\n    mv \"$FRAMEWORK_STRIPPED_PATH\" \"$FRAMEWORK_BINARY_PATH\"\n    echo \"Removed simulator strip from NodeMobile.framework\"\n  fi\nfi\n";
		};
		14546905EFC7C4B45266D028 /* [CP-User] [NODEJS MOBILE] Copy Node.js Project files */ = {
			isa = PBXShellScriptBuildPhase;
			buildActionMask = 2147483647;
			files = (
			);
			name = "[CP-User] [NODEJS MOBILE] Copy Node.js Project files";
			runOnlyForDeploymentPostprocessing = 0;
			shellPath = /bin/sh;
			shellScript = "#!/bin/sh\nset -e\n\nNODEJS_ASSETS_DIR=\"$( cd \"$PROJECT_DIR\" && cd ../nodejs-assets/ && pwd )\"\nNODEJS_BUILT_IN_MODULES_DIR=\"$( cd \"$PROJECT_DIR\" && cd ../node_modules/nodejs-mobile-react-native/install/resources/nodejs-modules/ && pwd )\"\n\nif [ -d \"$CODESIGNING_FOLDER_PATH/nodejs-project/\" ]; then\n  rm -rf \"$CODESIGNING_FOLDER_PATH/nodejs-project/\"\nfi\n\nif [ -d \"$CODESIGNING_FOLDER_PATH/builtin_modules/\" ]; then\n  rm -rf \"$CODESIGNING_FOLDER_PATH/builtin_modules/\"\nfi\n\nrsync --archive --delete \"$NODEJS_ASSETS_DIR/nodejs-project\" \"$CODESIGNING_FOLDER_PATH\"\nrsync --archive --delete \"$NODEJS_BUILT_IN_MODULES_DIR/builtin_modules\" \"$CODESIGNING_FOLDER_PATH\"\n";
		};
		1CDAFAEB68A3497DA3C85E90 /* Upload Debug Symbols to Sentry */ = {
			isa = PBXShellScriptBuildPhase;
			buildActionMask = 2147483647;
			files = (
			);
			inputPaths = (
			);
			name = "Upload Debug Symbols to Sentry";
			outputPaths = (
			);
			runOnlyForDeploymentPostprocessing = 0;
			shellPath = /bin/sh;
			shellScript = "/bin/sh `${NODE_BINARY:-node} --print \"require('path').dirname(require.resolve('@sentry/react-native/package.json')) + '/scripts/sentry-xcode-debug-files.sh'\"`\n";
		};
		63C8282E6C4B476C8D695240 /* [Expo Dev Launcher] Strip Local Network Keys for Release */ = {
			isa = PBXShellScriptBuildPhase;
			buildActionMask = 2147483647;
			files = (
			);
			inputPaths = (
			);
			name = "[Expo Dev Launcher] Strip Local Network Keys for Release";
			outputPaths = (
			);
			runOnlyForDeploymentPostprocessing = 0;
			shellPath = /bin/sh;
			shellScript = "# Strip dev-launcher-specific local network permission keys from non-Debug builds\n# This only removes _expo._tcp Bonjour services and the dev-launcher usage description.\n# Other Bonjour services and custom descriptions are preserved for production use.\n\nif [ \"$CONFIGURATION\" != \"Debug\" ]; then\n  PLIST_PATH=\"${TARGET_BUILD_DIR}/${INFOPLIST_PATH}\"\n  if [ -f \"$PLIST_PATH\" ]; then\n    # Check if NSBonjourServices exists\n    if /usr/libexec/PlistBuddy -c \"Print :NSBonjourServices\" \"$PLIST_PATH\" >/dev/null 2>&1; then\n      # Get the count of services\n      COUNT=$(/usr/libexec/PlistBuddy -c \"Print :NSBonjourServices\" \"$PLIST_PATH\" 2>/dev/null | grep \"^    \" | wc -l | tr -d ' ')\n\n      # Remove _expo._tcp\n      for ((i=COUNT-1; i>=0; i--)); do\n        SERVICE=$(/usr/libexec/PlistBuddy -c \"Print :NSBonjourServices:$i\" \"$PLIST_PATH\" 2>/dev/null || echo \"\")\n        if echo \"$SERVICE\" | grep -q \"_expo._tcp\"; then\n          /usr/libexec/PlistBuddy -c \"Delete :NSBonjourServices:$i\" \"$PLIST_PATH\" 2>/dev/null || true\n        fi\n      done\n\n      # If the array is now empty, remove it entirely\n      REMAINING=$(/usr/libexec/PlistBuddy -c \"Print :NSBonjourServices\" \"$PLIST_PATH\" 2>/dev/null | grep \"^    \" | wc -l | tr -d ' ')\n      if [ \"$REMAINING\" -eq \"0\" ]; then\n        /usr/libexec/PlistBuddy -c \"Delete :NSBonjourServices\" \"$PLIST_PATH\" 2>/dev/null || true\n      fi\n    fi\n\n    # Only delete the description if it matches the dev-launcher default text\n    DESC=$(/usr/libexec/PlistBuddy -c \"Print :NSLocalNetworkUsageDescription\" \"$PLIST_PATH\" 2>/dev/null || echo \"\")\n    if echo \"$DESC\" | grep -q \"Expo Dev Launcher\"; then\n      /usr/libexec/PlistBuddy -c \"Delete :NSLocalNetworkUsageDescription\" \"$PLIST_PATH\" 2>/dev/null || true\n    fi\n  fi\nfi\n";
		};
		93494A72BAB7B4863E74C817 /* [CP-User] [NODEJS MOBILE] Sign Native Modules */ = {
			isa = PBXShellScriptBuildPhase;
			buildActionMask = 2147483647;
			files = (
			);
			name = "[CP-User] [NODEJS MOBILE] Sign Native Modules";
			runOnlyForDeploymentPostprocessing = 0;
			shellPath = /bin/sh;
			shellScript = "#!/bin/sh\nset -e\n\nif [ -f ./.xcode.env ]; then\n  source \"./.xcode.env\";\nfi\nif [ -f ./.xcode.env.local ]; then\n  source \"./.xcode.env.local\";\nfi\n\nDESIRED_NODE_VERSION=\"18\"\nCURRENT_NODE_VERSION=\"$(node -p \"process.versions.node.split('.')[0]\")\"\nif [ \"$CURRENT_NODE_VERSION\" -ne \"$DESIRED_NODE_VERSION\" ]; then\n  echo \"nodejs-mobile-react-native's ios-build-native-modules script requires \\\nNode.js version $DESIRED_NODE_VERSION, but found \\\n$(node -p 'process.versions.node')\"\n  exit 1\nfi\n\nif [ -z \"$NODEJS_MOBILE_BUILD_NATIVE_MODULES\" ]; then\n# If build native modules preference is not set, look for it in the project's\n#nodejs-assets/BUILD_NATIVE_MODULES.txt file.\nNODEJS_ASSETS_DIR=\"$( cd \"$PROJECT_DIR\" && cd ../nodejs-assets/ && pwd )\"\nPREFERENCE_FILE_PATH=\"$NODEJS_ASSETS_DIR/BUILD_NATIVE_MODULES.txt\"\n  if [ -f \"$PREFERENCE_FILE_PATH\" ]; then\n    NODEJS_MOBILE_BUILD_NATIVE_MODULES=\"$(cat $PREFERENCE_FILE_PATH | xargs)\"\n  fi\nfi\n\nif [ -z \"$NODEJS_MOBILE_BUILD_NATIVE_MODULES\" ]; then\n# If build native modules preference is not set, try to find .gyp files\n#to turn it on.\n  gypfiles=($(find \"$CODESIGNING_FOLDER_PATH/nodejs-project/\" -type f -name \"*.gyp\"))\n  if [ ${#gypfiles[@]} -gt 0 ]; then\n    NODEJS_MOBILE_BUILD_NATIVE_MODULES=1\n  else\n    NODEJS_MOBILE_BUILD_NATIVE_MODULES=0\n  fi\nfi\n\nif [ \"1\" != \"$NODEJS_MOBILE_BUILD_NATIVE_MODULES\" ]; then exit 0; fi\n\n# Delete object files\nfind \"$CODESIGNING_FOLDER_PATH/nodejs-project/\" -name \"*.o\" -type f -delete\nfind \"$CODESIGNING_FOLDER_PATH/nodejs-project/\" -name \"*.a\" -type f -delete\n\n# Create Info.plist for each framework built and loader override.\nPATCH_SCRIPT_DIR=\"$( cd \"$PROJECT_DIR\" && cd ../node_modules/nodejs-mobile-react-native/scripts/ && pwd )\"\nNODEJS_PROJECT_DIR=\"$( cd \"$CODESIGNING_FOLDER_PATH\" && cd nodejs-project/ && pwd )\"\nnode \"$PATCH_SCRIPT_DIR\"/ios-create-plists-and-dlopen-override.js $NODEJS_PROJECT_DIR\n\n# Embed every resulting .framework in the application and delete them afterwards.\nembed_framework()\n{\n  FRAMEWORK_NAME=\"$(basename \"$1\")\"\n  cp -r \"$1\" \"$TARGET_BUILD_DIR/$FRAMEWORKS_FOLDER_PATH/\"\n  /usr/bin/codesign --force --sign $EXPANDED_CODE_SIGN_IDENTITY --preserve-metadata=identifier,entitlements,flags --timestamp=none \"$TARGET_BUILD_DIR/$FRAMEWORKS_FOLDER_PATH/$FRAMEWORK_NAME\"\n}\nfind \"$CODESIGNING_FOLDER_PATH/nodejs-project/\" -name \"*.framework\" -type d | while read frmwrk_path; do embed_framework \"$frmwrk_path\"; done\n\n#Delete gyp temporary .deps dependency folders from the project structure.\nfind \"$CODESIGNING_FOLDER_PATH/nodejs-project/\" -path \"*/.deps/*\" -delete\nfind \"$CODESIGNING_FOLDER_PATH/nodejs-project/\" -name \".deps\" -type d -delete\n\n#Delete frameworks from their build paths\nfind \"$CODESIGNING_FOLDER_PATH/nodejs-project/\" -path \"*/*.framework/*\" -delete\nfind \"$CODESIGNING_FOLDER_PATH/nodejs-project/\" -name \"*.framework\" -type d -delete\n";
		};
		A340E4F39D785F7AF25B92D0 /* [CP] Check Pods Manifest.lock */ = {
			isa = PBXShellScriptBuildPhase;
			buildActionMask = 2147483647;
			files = (
			);
			inputFileListPaths = (
			);
			inputPaths = (
				"${PODS_PODFILE_DIR_PATH}/Podfile.lock",
				"${PODS_ROOT}/Manifest.lock",
			);
			name = "[CP] Check Pods Manifest.lock";
			outputFileListPaths = (
			);
			outputPaths = (
				"$(DERIVED_FILE_DIR)/Pods-Illusi-checkManifestLockResult.txt",
			);
			runOnlyForDeploymentPostprocessing = 0;
			shellPath = /bin/sh;
			shellScript = "diff \"${PODS_PODFILE_DIR_PATH}/Podfile.lock\" \"${PODS_ROOT}/Manifest.lock\" > /dev/null\nif [ $? != 0 ] ; then\n    # print error to STDERR\n    echo \"error: The sandbox is not in sync with the Podfile.lock. Run 'pod install' or update your CocoaPods installation.\" >&2\n    exit 1\nfi\n# This output is used by Xcode 'outputs' to avoid re-running this script phase.\necho \"SUCCESS\" > \"${SCRIPT_OUTPUT_FILE_0}\"\n";
			showEnvVarsInLog = 0;
		};
		ABAE9063FAF0A43239106B0B /* [CP] Embed Pods Frameworks */ = {
			isa = PBXShellScriptBuildPhase;
			buildActionMask = 2147483647;
			files = (
			);
			inputPaths = (
				"${PODS_ROOT}/Target Support Files/Pods-Illusi/Pods-Illusi-frameworks.sh",
				"${PODS_XCFRAMEWORKS_BUILD_DIR}/React-Core-prebuilt/React.framework/React",
				"${PODS_XCFRAMEWORKS_BUILD_DIR}/ReactNativeDependencies/ReactNativeDependencies.framework/ReactNativeDependencies",
				"${PODS_XCFRAMEWORKS_BUILD_DIR}/hermes-engine/Pre-built/hermesvm.framework/hermesvm",
				"${PODS_XCFRAMEWORKS_BUILD_DIR}/nodejs-mobile-react-native/NodeMobile.framework/NodeMobile",
				"${PODS_XCFRAMEWORKS_BUILD_DIR}/shaquillehinds-ffmpeg-kit-ios/ffmpegkit.framework/ffmpegkit",
				"${PODS_XCFRAMEWORKS_BUILD_DIR}/shaquillehinds-ffmpeg-kit-ios/libavcodec.framework/libavcodec",
				"${PODS_XCFRAMEWORKS_BUILD_DIR}/shaquillehinds-ffmpeg-kit-ios/libavdevice.framework/libavdevice",
				"${PODS_XCFRAMEWORKS_BUILD_DIR}/shaquillehinds-ffmpeg-kit-ios/libavfilter.framework/libavfilter",
				"${PODS_XCFRAMEWORKS_BUILD_DIR}/shaquillehinds-ffmpeg-kit-ios/libavformat.framework/libavformat",
				"${PODS_XCFRAMEWORKS_BUILD_DIR}/shaquillehinds-ffmpeg-kit-ios/libavutil.framework/libavutil",
				"${PODS_XCFRAMEWORKS_BUILD_DIR}/shaquillehinds-ffmpeg-kit-ios/libswresample.framework/libswresample",
				"${PODS_XCFRAMEWORKS_BUILD_DIR}/shaquillehinds-ffmpeg-kit-ios/libswscale.framework/libswscale",
			);
			name = "[CP] Embed Pods Frameworks";
			outputPaths = (
				"${TARGET_BUILD_DIR}/${FRAMEWORKS_FOLDER_PATH}/React.framework",
				"${TARGET_BUILD_DIR}/${FRAMEWORKS_FOLDER_PATH}/ReactNativeDependencies.framework",
				"${TARGET_BUILD_DIR}/${FRAMEWORKS_FOLDER_PATH}/hermesvm.framework",
				"${TARGET_BUILD_DIR}/${FRAMEWORKS_FOLDER_PATH}/NodeMobile.framework",
				"${TARGET_BUILD_DIR}/${FRAMEWORKS_FOLDER_PATH}/ffmpegkit.framework",
				"${TARGET_BUILD_DIR}/${FRAMEWORKS_FOLDER_PATH}/libavcodec.framework",
				"${TARGET_BUILD_DIR}/${FRAMEWORKS_FOLDER_PATH}/libavdevice.framework",
				"${TARGET_BUILD_DIR}/${FRAMEWORKS_FOLDER_PATH}/libavfilter.framework",
				"${TARGET_BUILD_DIR}/${FRAMEWORKS_FOLDER_PATH}/libavformat.framework",
				"${TARGET_BUILD_DIR}/${FRAMEWORKS_FOLDER_PATH}/libavutil.framework",
				"${TARGET_BUILD_DIR}/${FRAMEWORKS_FOLDER_PATH}/libswresample.framework",
				"${TARGET_BUILD_DIR}/${FRAMEWORKS_FOLDER_PATH}/libswscale.framework",
			);
			runOnlyForDeploymentPostprocessing = 0;
			shellPath = /bin/sh;
			shellScript = "\"${PODS_ROOT}/Target Support Files/Pods-Illusi/Pods-Illusi-frameworks.sh\"\n";
			showEnvVarsInLog = 0;
		};
		E51AA9DEABBECC5595EB3716 /* [CP-User] [NODEJS MOBILE] Build Native Modules */ = {
			isa = PBXShellScriptBuildPhase;
			buildActionMask = 2147483647;
			files = (
			);
			name = "[CP-User] [NODEJS MOBILE] Build Native Modules";
			runOnlyForDeploymentPostprocessing = 0;
			shellPath = /bin/sh;
			shellScript = "#!/bin/sh\nset -e\n\nif [ -f ./.xcode.env ]; then\n  source \"./.xcode.env\";\nfi\nif [ -f ./.xcode.env.local ]; then\n  source \"./.xcode.env.local\";\nfi\n\nDESIRED_NODE_VERSION=\"18\"\n\n# This is our nodejs-project folder that was copied to the Xcode build folder\nNODEPROJ=\"$CODESIGNING_FOLDER_PATH/nodejs-project\"\n\nif [ -z \"$NODEJS_MOBILE_BUILD_NATIVE_MODULES\" ]; then\n# If build native modules preference is not set, look for it in the project's\n#nodejs-assets/BUILD_NATIVE_MODULES.txt file.\nNODEJS_ASSETS_DIR=\"$( cd \"$PROJECT_DIR\" && cd ../nodejs-assets/ && pwd )\"\nPREFERENCE_FILE_PATH=\"$NODEJS_ASSETS_DIR/BUILD_NATIVE_MODULES.txt\"\n  if [ -f \"$PREFERENCE_FILE_PATH\" ]; then\n    NODEJS_MOBILE_BUILD_NATIVE_MODULES=\"$(cat $PREFERENCE_FILE_PATH | xargs)\"\n  fi\nfi\n\nif [ -z \"$NODEJS_MOBILE_BUILD_NATIVE_MODULES\" ]; then\n# If build native modules preference is not set, try to find .gyp files\n#to turn it on.\n  gypfiles=($(find \"$NODEPROJ\" -type f -name \"*.gyp\"))\n  if [ ${#gypfiles[@]} -gt 0 ]; then\n    NODEJS_MOBILE_BUILD_NATIVE_MODULES=1\n  else\n    NODEJS_MOBILE_BUILD_NATIVE_MODULES=0\n  fi\nfi\n\nif [ \"1\" != \"$NODEJS_MOBILE_BUILD_NATIVE_MODULES\" ]; then exit 0; fi\n\n# Only enforce Node version when actually building native modules\nCURRENT_NODE_VERSION=\"$(node -p \"process.versions.node.split('.')[0]\")\"\nif [ \"$CURRENT_NODE_VERSION\" -ne \"$DESIRED_NODE_VERSION\" ]; then\n  echo \"nodejs-mobile-react-native requires Node.js version \\\n$DESIRED_NODE_VERSION accessible from Xcode, but found \\\n$(node -p 'process.versions.node')\"\n  exit 1\nfi\n\n# Delete object files that may already come from within the npm package.\nfind \"$NODEPROJ\" -name \"*.o\" -type f -delete\nfind \"$NODEPROJ\" -name \"*.a\" -type f -delete\n\n# Function to skip compilation of a prebuilt module\npreparePrebuiltModule()\n{\n  local DOT_NODE_PATH=\"$1\"\n  local DOT_NODE_FULL=\"$(cd \"$(dirname -- \"$DOT_NODE_PATH\")\" >/dev/null; pwd -P)/$(basename -- \"$DOT_NODE_PATH\")\"\n  local MODULE_ROOT=\"$(cd $DOT_NODE_PATH && cd .. && cd .. && cd .. && pwd)\"\n  local MODULE_NAME=\"$(basename $MODULE_ROOT)\"\n  echo \"Preparing to use the prebuild in $MODULE_NAME\"\n  # Move the prebuild to the correct folder:\n  rm -rf $MODULE_ROOT/build\n  mkdir -p $MODULE_ROOT/build/Release\n  mv $DOT_NODE_FULL $MODULE_ROOT/build/Release/\n  # Hack the npm package to forcefully disable compile-on-install:\n  rm -rf $MODULE_ROOT/binding.gyp\n  sed -i.bak 's/\"install\"/\"dontinstall\"/g; s/\"rebuild\"/\"dontrebuild\"/g; s/\"gypfile\"/\"dontgypfile\"/g' $MODULE_ROOT/package.json\n}\n\n# Delete bundle contents that may be there from previous builds.\n# Handle the special case where the module has a prebuild that we want to use\nif [ \"$PLATFORM_PREFERRED_ARCH\" == \"arm64\" ]; then\n  PREBUILD_ARCH=\"arm64\"\nelse\n  PREBUILD_ARCH=\"x64\"\nfi\nif [ \"$PLATFORM_NAME\" == \"iphonesimulator\" ] && [ \"$NATIVE_ARCH\" == \"arm64\" ]; then\n  SUFFIX=\"-simulator\"\n  PREBUILD_ARCH=\"arm64\"\nelse\n  SUFFIX=\"\"\nfi\nfind -E \"$NODEPROJ\" \\\n    ! -regex \".*/prebuilds/ios-$PREBUILD_ARCH$SUFFIX\" \\\n    -regex '.*/prebuilds/[^/]*$' -type d \\\n    -prune -exec rm -rf \"{}\" \\;\nfind -E \"$NODEPROJ\" \\\n    ! -regex \".*/prebuilds/ios-$PREBUILD_ARCH$SUFFIX/.*\\.node$\" \\\n    -name '*.node' -type f \\\n    -exec rm \"{}\" \\;\nfind \"$NODEPROJ\" \\\n    -name \"*.framework\" -type d \\\n    -prune -exec rm -rf \"{}\" \\;\nfor DOT_NODE in `find -E \"$NODEPROJ\" -regex \".*/prebuilds/ios-$PREBUILD_ARCH$SUFFIX/.*\\.node$\"`; do\n  preparePrebuiltModule \"$DOT_NODE\"\ndone\n\n# Apply patches to the modules package.json\nif [ -d \"$NODEPROJ\"/node_modules/ ]; then\n  PATCH_SCRIPT_DIR=\"$( cd \"$PROJECT_DIR\" && cd ../node_modules/nodejs-mobile-react-native/scripts/ && pwd )\"\n  NODEJS_PROJECT_MODULES_DIR=\"$( cd \"$NODEPROJ\" && cd node_modules && pwd )\"\n  node \"$PATCH_SCRIPT_DIR\"/patch-package.js $NODEJS_PROJECT_MODULES_DIR\nfi\n\n# Get the nodejs-mobile-gyp location\nNODEJS_MOBILE_GYP_BIN_FILE=\"$( cd \"$PROJECT_DIR\" && cd .. && node -p 'require.resolve(`nodejs-mobile-gyp/bin/node-gyp.js`)' )\"\n\n# Support building neon-bindings (Rust) native modules\nif [ -f ~/.cargo/env ]; then\n  source ~/.cargo/env;\nfi\n\n# Rebuild modules with right environment\nNODEJS_HEADERS_DIR=\"$( cd \"$PROJECT_DIR\" && cd ../node_modules/nodejs-mobile-react-native/ios/libnode/ && pwd )\"\npushd $NODEPROJ\nif [ \"$PLATFORM_NAME\" == \"iphoneos\" ]; then\n  GYP_DEFINES=\"OS=ios\" \\\n  CARGO_BUILD_TARGET=\"aarch64-apple-ios iossim=false\" \\\n  NODEJS_MOBILE_GYP=\"$NODEJS_MOBILE_GYP_BIN_FILE\" \\\n  npm_config_node_gyp=\"$NODEJS_MOBILE_GYP_BIN_FILE\" \\\n  npm_config_nodedir=\"$NODEJS_HEADERS_DIR\" \\\n  npm_config_platform=\"ios\" \\\n  npm_config_format=\"make-ios\" \\\n  npm_config_arch=\"arm64\" \\\n  npm --verbose --foreground-scripts rebuild --build-from-source\nelif [ \"$NATIVE_ARCH\" == \"arm64\" ]; then\n  GYP_DEFINES=\"OS=ios target_arch=arm64 iossim=true\" \\\n  CARGO_BUILD_TARGET=\"aarch64-apple-ios-sim\" \\\n  NODEJS_MOBILE_GYP=\"$NODEJS_MOBILE_GYP_BIN_FILE\" \\\n  npm_config_node_gyp=\"$NODEJS_MOBILE_GYP_BIN_FILE\" \\\n  npm_config_nodedir=\"$NODEJS_HEADERS_DIR\" \\\n  npm_config_platform=\"ios\" \\\n  npm_config_format=\"make-ios\" \\\n  npm_config_arch=\"arm64\" \\\n  npm --verbose --foreground-scripts rebuild --build-from-source\nelse\n  GYP_DEFINES=\"OS=ios target_arch=x64 iossim=true\" \\\n  CARGO_BUILD_TARGET=\"x86_64-apple-ios\" \\\n  NODEJS_MOBILE_GYP=\"$NODEJS_MOBILE_GYP_BIN_FILE\" \\\n  npm_config_node_gyp=\"$NODEJS_MOBILE_GYP_BIN_FILE\" \\\n  npm_config_nodedir=\"$NODEJS_HEADERS_DIR\" \\\n  npm_config_platform=\"ios\" \\\n  npm_config_format=\"make-ios\" \\\n  npm_config_arch=\"x64\" \\\n  npm --verbose --foreground-scripts rebuild --build-from-source\nfi\npopd\n";
		};
		E7321C18D43912198F16980C /* [CP] Copy Pods Resources */ = {
			isa = PBXShellScriptBuildPhase;
			buildActionMask = 2147483647;
			files = (
			);
			inputPaths = (
				"${PODS_ROOT}/Target Support Files/Pods-Illusi/Pods-Illusi-resources.sh",
				"${PODS_CONFIGURATION_BUILD_DIR}/EXConstants/EXConstants.bundle",
				"${PODS_CONFIGURATION_BUILD_DIR}/EXConstants/ExpoConstants_privacy.bundle",
				"${PODS_CONFIGURATION_BUILD_DIR}/ExpoFileSystem/ExpoFileSystem_privacy.bundle",
				"${PODS_CONFIGURATION_BUILD_DIR}/RNCAsyncStorage/RNCAsyncStorage_resources.bundle",
				"${PODS_CONFIGURATION_BUILD_DIR}/RNImageCropPicker/RNImageCropPickerPrivacyInfo.bundle",
				"${PODS_CONFIGURATION_BUILD_DIR}/RNImageCropPicker/QBImagePicker.bundle",
				"${PODS_CONFIGURATION_BUILD_DIR}/RNPermissions/RNPermissionsPrivacyInfo.bundle",
				"${PODS_CONFIGURATION_BUILD_DIR}/RNSVG/RNSVGFilters.bundle",
				"${PODS_ROOT}/../../node_modules/react-native-vector-icons/Fonts/AntDesign.ttf",
				"${PODS_ROOT}/../../node_modules/react-native-vector-icons/Fonts/Entypo.ttf",
				"${PODS_ROOT}/../../node_modules/react-native-vector-icons/Fonts/EvilIcons.ttf",
				"${PODS_ROOT}/../../node_modules/react-native-vector-icons/Fonts/Feather.ttf",
				"${PODS_ROOT}/../../node_modules/react-native-vector-icons/Fonts/FontAwesome.ttf",
				"${PODS_ROOT}/../../node_modules/react-native-vector-icons/Fonts/FontAwesome5_Brands.ttf",
				"${PODS_ROOT}/../../node_modules/react-native-vector-icons/Fonts/FontAwesome5_Regular.ttf",
				"${PODS_ROOT}/../../node_modules/react-native-vector-icons/Fonts/FontAwesome5_Solid.ttf",
				"${PODS_ROOT}/../../node_modules/react-native-vector-icons/Fonts/FontAwesome6_Brands.ttf",
				"${PODS_ROOT}/../../node_modules/react-native-vector-icons/Fonts/FontAwesome6_Regular.ttf",
				"${PODS_ROOT}/../../node_modules/react-native-vector-icons/Fonts/FontAwesome6_Solid.ttf",
				"${PODS_ROOT}/../../node_modules/react-native-vector-icons/Fonts/Fontisto.ttf",
				"${PODS_ROOT}/../../node_modules/react-native-vector-icons/Fonts/Foundation.ttf",
				"${PODS_ROOT}/../../node_modules/react-native-vector-icons/Fonts/Ionicons.ttf",
				"${PODS_ROOT}/../../node_modules/react-native-vector-icons/Fonts/MaterialCommunityIcons.ttf",
				"${PODS_ROOT}/../../node_modules/react-native-vector-icons/Fonts/MaterialIcons.ttf",
				"${PODS_ROOT}/../../node_modules/react-native-vector-icons/Fonts/Octicons.ttf",
				"${PODS_ROOT}/../../node_modules/react-native-vector-icons/Fonts/SimpleLineIcons.ttf",
				"${PODS_ROOT}/../../node_modules/react-native-vector-icons/Fonts/Zocial.ttf",
				"${PODS_CONFIGURATION_BUILD_DIR}/React-Core/React-Core_privacy.bundle",
				"${PODS_CONFIGURATION_BUILD_DIR}/React-cxxreact/React-cxxreact_privacy.bundle",
				"${PODS_CONFIGURATION_BUILD_DIR}/ReactNativeAutoPlay/ReactNativeAutoPlay.bundle",
				"${PODS_CONFIGURATION_BUILD_DIR}/SDWebImage/SDWebImage.bundle",
				"${PODS_CONFIGURATION_BUILD_DIR}/Sentry/Sentry.bundle",
				"${PODS_CONFIGURATION_BUILD_DIR}/SwiftProtobuf/SwiftProtobuf.bundle",
				"${PODS_CONFIGURATION_BUILD_DIR}/TOCropViewController/TOCropViewControllerBundle.bundle",
				"${PODS_CONFIGURATION_BUILD_DIR}/expo-dev-launcher/EXDevLauncher.bundle",
				"${PODS_CONFIGURATION_BUILD_DIR}/expo-dev-menu/EXDevMenu.bundle",
			);
			name = "[CP] Copy Pods Resources";
			outputPaths = (
				"${TARGET_BUILD_DIR}/${UNLOCALIZED_RESOURCES_FOLDER_PATH}/EXConstants.bundle",
				"${TARGET_BUILD_DIR}/${UNLOCALIZED_RESOURCES_FOLDER_PATH}/ExpoConstants_privacy.bundle",
				"${TARGET_BUILD_DIR}/${UNLOCALIZED_RESOURCES_FOLDER_PATH}/ExpoFileSystem_privacy.bundle",
				"${TARGET_BUILD_DIR}/${UNLOCALIZED_RESOURCES_FOLDER_PATH}/RNCAsyncStorage_resources.bundle",
				"${TARGET_BUILD_DIR}/${UNLOCALIZED_RESOURCES_FOLDER_PATH}/RNImageCropPickerPrivacyInfo.bundle",
				"${TARGET_BUILD_DIR}/${UNLOCALIZED_RESOURCES_FOLDER_PATH}/QBImagePicker.bundle",
				"${TARGET_BUILD_DIR}/${UNLOCALIZED_RESOURCES_FOLDER_PATH}/RNPermissionsPrivacyInfo.bundle",
				"${TARGET_BUILD_DIR}/${UNLOCALIZED_RESOURCES_FOLDER_PATH}/RNSVGFilters.bundle",
				"${TARGET_BUILD_DIR}/${UNLOCALIZED_RESOURCES_FOLDER_PATH}/AntDesign.ttf",
				"${TARGET_BUILD_DIR}/${UNLOCALIZED_RESOURCES_FOLDER_PATH}/Entypo.ttf",
				"${TARGET_BUILD_DIR}/${UNLOCALIZED_RESOURCES_FOLDER_PATH}/EvilIcons.ttf",
				"${TARGET_BUILD_DIR}/${UNLOCALIZED_RESOURCES_FOLDER_PATH}/Feather.ttf",
				"${TARGET_BUILD_DIR}/${UNLOCALIZED_RESOURCES_FOLDER_PATH}/FontAwesome.ttf",
				"${TARGET_BUILD_DIR}/${UNLOCALIZED_RESOURCES_FOLDER_PATH}/FontAwesome5_Brands.ttf",
				"${TARGET_BUILD_DIR}/${UNLOCALIZED_RESOURCES_FOLDER_PATH}/FontAwesome5_Regular.ttf",
				"${TARGET_BUILD_DIR}/${UNLOCALIZED_RESOURCES_FOLDER_PATH}/FontAwesome5_Solid.ttf",
				"${TARGET_BUILD_DIR}/${UNLOCALIZED_RESOURCES_FOLDER_PATH}/FontAwesome6_Brands.ttf",
				"${TARGET_BUILD_DIR}/${UNLOCALIZED_RESOURCES_FOLDER_PATH}/FontAwesome6_Regular.ttf",
				"${TARGET_BUILD_DIR}/${UNLOCALIZED_RESOURCES_FOLDER_PATH}/FontAwesome6_Solid.ttf",
				"${TARGET_BUILD_DIR}/${UNLOCALIZED_RESOURCES_FOLDER_PATH}/Fontisto.ttf",
				"${TARGET_BUILD_DIR}/${UNLOCALIZED_RESOURCES_FOLDER_PATH}/Foundation.ttf",
				"${TARGET_BUILD_DIR}/${UNLOCALIZED_RESOURCES_FOLDER_PATH}/Ionicons.ttf",
				"${TARGET_BUILD_DIR}/${UNLOCALIZED_RESOURCES_FOLDER_PATH}/MaterialCommunityIcons.ttf",
				"${TARGET_BUILD_DIR}/${UNLOCALIZED_RESOURCES_FOLDER_PATH}/MaterialIcons.ttf",
				"${TARGET_BUILD_DIR}/${UNLOCALIZED_RESOURCES_FOLDER_PATH}/Octicons.ttf",
				"${TARGET_BUILD_DIR}/${UNLOCALIZED_RESOURCES_FOLDER_PATH}/SimpleLineIcons.ttf",
				"${TARGET_BUILD_DIR}/${UNLOCALIZED_RESOURCES_FOLDER_PATH}/Zocial.ttf",
				"${TARGET_BUILD_DIR}/${UNLOCALIZED_RESOURCES_FOLDER_PATH}/React-Core_privacy.bundle",
				"${TARGET_BUILD_DIR}/${UNLOCALIZED_RESOURCES_FOLDER_PATH}/React-cxxreact_privacy.bundle",
				"${TARGET_BUILD_DIR}/${UNLOCALIZED_RESOURCES_FOLDER_PATH}/ReactNativeAutoPlay.bundle",
				"${TARGET_BUILD_DIR}/${UNLOCALIZED_RESOURCES_FOLDER_PATH}/SDWebImage.bundle",
				"${TARGET_BUILD_DIR}/${UNLOCALIZED_RESOURCES_FOLDER_PATH}/Sentry.bundle",
				"${TARGET_BUILD_DIR}/${UNLOCALIZED_RESOURCES_FOLDER_PATH}/SwiftProtobuf.bundle",
				"${TARGET_BUILD_DIR}/${UNLOCALIZED_RESOURCES_FOLDER_PATH}/TOCropViewControllerBundle.bundle",
				"${TARGET_BUILD_DIR}/${UNLOCALIZED_RESOURCES_FOLDER_PATH}/EXDevLauncher.bundle",
				"${TARGET_BUILD_DIR}/${UNLOCALIZED_RESOURCES_FOLDER_PATH}/EXDevMenu.bundle",
			);
			runOnlyForDeploymentPostprocessing = 0;
			shellPath = /bin/sh;
			shellScript = "\"${PODS_ROOT}/Target Support Files/Pods-Illusi/Pods-Illusi-resources.sh\"\n";
			showEnvVarsInLog = 0;
		};
		EF30F230F9854A9DAA331048 /* [Expo] Configure project */ = {
			isa = PBXShellScriptBuildPhase;
			alwaysOutOfDate = 1;
			buildActionMask = 2147483647;
			files = (
			);
			inputFileListPaths = (
			);
			inputPaths = (
				"$(SRCROOT)/.xcode.env",
				"$(SRCROOT)/.xcode.env.local",
				"$(SRCROOT)/Illusi/Illusi.entitlements",
				"$(SRCROOT)/Pods/Target Support Files/Pods-Illusi/expo-configure-project.sh",
			);
			name = "[Expo] Configure project";
			outputFileListPaths = (
			);
			outputPaths = (
				"$(SRCROOT)/Pods/Target Support Files/Pods-Illusi/ExpoModulesProvider.swift",
			);
			runOnlyForDeploymentPostprocessing = 0;
			shellPath = /bin/sh;
			shellScript = "# This script configures Expo modules and generates the modules provider file.\nbash -l -c \"./Pods/Target\\ Support\\ Files/Pods-Illusi/expo-configure-project.sh\"\n";
		};
/* End PBXShellScriptBuildPhase section */

/* Begin PBXSourcesBuildPhase section */
		13B07F871A680F5B00A75B9A /* Sources */ = {
			isa = PBXSourcesBuildPhase;
			buildActionMask = 2147483647;
			files = (
				F11748422D0307B40044C1D9 /* AppDelegate.swift in Sources */,
				A1B2C3D4E5F601234567891B /* PhoneSceneDelegate.swift in Sources */,
				6E887579543C4A595B766A6E /* ExpoModulesProvider.swift in Sources */,
			);
			runOnlyForDeploymentPostprocessing = 0;
		};
		955B92D42ECC4C06002E117A /* Sources */ = {
			isa = PBXSourcesBuildPhase;
			buildActionMask = 2147483647;
			files = (
			);
			runOnlyForDeploymentPostprocessing = 0;
		};
/* End PBXSourcesBuildPhase section */

/* Begin PBXTargetDependency section */
		955B92E12ECC4C06002E117A /* PBXTargetDependency */ = {
			isa = PBXTargetDependency;
			target = 955B92D72ECC4C06002E117A /* IllusiShare */;
			targetProxy = 955B92E02ECC4C06002E117A /* PBXContainerItemProxy */;
		};
/* End PBXTargetDependency section */

/* Begin XCBuildConfiguration section */
		13B07F941A680F5B00A75B9A /* Debug */ = {
			isa = XCBuildConfiguration;
			baseConfigurationReference = 4406923C55AF7E19F152796D /* Pods-Illusi.debug.xcconfig */;
			buildSettings = {
				ASSETCATALOG_COMPILER_APPICON_NAME = AppIcon;
				CLANG_ENABLE_MODULES = YES;
				CODE_SIGN_ENTITLEMENTS = Illusi/Illusi.entitlements;
				CODE_SIGN_IDENTITY = "Apple Development";
				CODE_SIGN_STYLE = Automatic;
				CURRENT_PROJECT_VERSION = 1;
				DEVELOPMENT_TEAM = 3HJCW252T6;
				ENABLE_BITCODE = NO;
				GCC_PREPROCESSOR_DEFINITIONS = (
					"$(inherited)",
					"FB_SONARKIT_ENABLED=1",
				);
				INFOPLIST_FILE = Illusi/Info.plist;
				IPHONEOS_DEPLOYMENT_TARGET = 15.1;
				LD_RUNPATH_SEARCH_PATHS = (
					"$(inherited)",
					"@executable_path/Frameworks",
				);
				MARKETING_VERSION = 1.0;
				OTHER_CFLAGS = "$(inherited)";
				OTHER_LDFLAGS = (
					"$(inherited)",
					"-ObjC",
					"-lc++",
				);
				OTHER_SWIFT_FLAGS = "$(inherited) -D EXPO_CONFIGURATION_DEBUG";
				PRODUCT_BUNDLE_IDENTIFIER = com.illusion137.Illusi;
				PRODUCT_NAME = Illusi;
				SWIFT_OBJC_BRIDGING_HEADER = "Illusi/Illusi-Bridging-Header.h";
				SWIFT_OPTIMIZATION_LEVEL = "-Onone";
				SWIFT_VERSION = 5.0;
				TARGETED_DEVICE_FAMILY = 1;
				VERSIONING_SYSTEM = "apple-generic";
			};
			name = Debug;
		};
		13B07F951A680F5B00A75B9A /* Release */ = {
			isa = XCBuildConfiguration;
			baseConfigurationReference = A2708CD63D81614D117B0341 /* Pods-Illusi.release.xcconfig */;
			buildSettings = {
				ASSETCATALOG_COMPILER_APPICON_NAME = AppIcon;
				CLANG_ENABLE_MODULES = YES;
				CODE_SIGN_ENTITLEMENTS = Illusi/Illusi.entitlements;
				CODE_SIGN_IDENTITY = "Apple Development";
				CODE_SIGN_STYLE = Automatic;
				CURRENT_PROJECT_VERSION = 1;
				DEVELOPMENT_TEAM = 3HJCW252T6;
				INFOPLIST_FILE = Illusi/Info.plist;
				IPHONEOS_DEPLOYMENT_TARGET = 15.1;
				LD_RUNPATH_SEARCH_PATHS = (
					"$(inherited)",
					"@executable_path/Frameworks",
				);
				MARKETING_VERSION = 1.0;
				OTHER_CFLAGS = "$(inherited)";
				OTHER_LDFLAGS = (
					"$(inherited)",
					"-ObjC",
					"-lc++",
				);
				OTHER_SWIFT_FLAGS = "$(inherited) -D EXPO_CONFIGURATION_RELEASE";
				PRODUCT_BUNDLE_IDENTIFIER = com.illusion137.Illusi;
				PRODUCT_NAME = Illusi;
				SWIFT_OBJC_BRIDGING_HEADER = "Illusi/Illusi-Bridging-Header.h";
				SWIFT_VERSION = 5.0;
				TARGETED_DEVICE_FAMILY = 1;
				VERSIONING_SYSTEM = "apple-generic";
			};
			name = Release;
		};
		83CBBA201A601CBA00E9B192 /* Debug */ = {
			isa = XCBuildConfiguration;
			buildSettings = {
				ALWAYS_SEARCH_USER_PATHS = NO;
				CLANG_ANALYZER_LOCALIZABILITY_NONLOCALIZED = YES;
				CLANG_CXX_LANGUAGE_STANDARD = "c++20";
				CLANG_CXX_LIBRARY = "libc++";
				CLANG_ENABLE_MODULES = YES;
				CLANG_ENABLE_OBJC_ARC = YES;
				CLANG_WARN_BLOCK_CAPTURE_AUTORELEASING = YES;
				CLANG_WARN_BOOL_CONVERSION = YES;
				CLANG_WARN_COMMA = YES;
				CLANG_WARN_CONSTANT_CONVERSION = YES;
				CLANG_WARN_DEPRECATED_OBJC_IMPLEMENTATIONS = YES;
				CLANG_WARN_DIRECT_OBJC_ISA_USAGE = YES_ERROR;
				CLANG_WARN_EMPTY_BODY = YES;
				CLANG_WARN_ENUM_CONVERSION = YES;
				CLANG_WARN_INFINITE_RECURSION = YES;
				CLANG_WARN_INT_CONVERSION = YES;
				CLANG_WARN_NON_LITERAL_NULL_CONVERSION = YES;
				CLANG_WARN_OBJC_IMPLICIT_RETAIN_SELF = YES;
				CLANG_WARN_OBJC_LITERAL_CONVERSION = YES;
				CLANG_WARN_OBJC_ROOT_CLASS = YES_ERROR;
				CLANG_WARN_RANGE_LOOP_ANALYSIS = YES;
				CLANG_WARN_STRICT_PROTOTYPES = YES;
				CLANG_WARN_SUSPICIOUS_MOVE = YES;
				CLANG_WARN_UNREACHABLE_CODE = YES;
				CLANG_WARN__DUPLICATE_METHOD_MATCH = YES;
				"CODE_SIGN_IDENTITY[sdk=iphoneos*]" = "iPhone Developer";
				COPY_PHASE_STRIP = NO;
				ENABLE_STRICT_OBJC_MSGSEND = YES;
				ENABLE_TESTABILITY = YES;
				GCC_C_LANGUAGE_STANDARD = gnu99;
				GCC_DYNAMIC_NO_PIC = NO;
				GCC_NO_COMMON_BLOCKS = YES;
				GCC_OPTIMIZATION_LEVEL = 0;
				GCC_PREPROCESSOR_DEFINITIONS = (
					"DEBUG=1",
					"$(inherited)",
				);
				GCC_SYMBOLS_PRIVATE_EXTERN = NO;
				GCC_WARN_64_TO_32_BIT_CONVERSION = YES;
				GCC_WARN_ABOUT_RETURN_TYPE = YES_ERROR;
				GCC_WARN_UNDECLARED_SELECTOR = YES;
				GCC_WARN_UNINITIALIZED_AUTOS = YES_AGGRESSIVE;
				GCC_WARN_UNUSED_FUNCTION = YES;
				GCC_WARN_UNUSED_VARIABLE = YES;
				IPHONEOS_DEPLOYMENT_TARGET = 15.1;
				LD_RUNPATH_SEARCH_PATHS = (
					/usr/lib/swift,
					"$(inherited)",
				);
				LIBRARY_SEARCH_PATHS = "$(SDKROOT)/usr/lib/swift\"$(inherited)\"";
				MTL_ENABLE_DEBUG_INFO = YES;
				ONLY_ACTIVE_ARCH = YES;
				OTHER_CFLAGS = (
					"$(inherited)",
					"-fmodule-map-file=${PODS_ROOT}/Headers/Public/RCTDeprecation/RCTDeprecation.modulemap",
					"-DRCT_REMOVE_LEGACY_ARCH=1",
				);
				OTHER_CPLUSPLUSFLAGS = (
					"$(inherited)",
					"-DRCT_REMOVE_LEGACY_ARCH=1",
				);
				REACT_NATIVE_PATH = "${PODS_ROOT}/../../node_modules/react-native";
				SDKROOT = iphoneos;
				SWIFT_ACTIVE_COMPILATION_CONDITIONS = "$(inherited) DEBUG";
				SWIFT_ENABLE_EXPLICIT_MODULES = NO;
				USE_HERMES = true;
			};
			name = Debug;
		};
		83CBBA211A601CBA00E9B192 /* Release */ = {
			isa = XCBuildConfiguration;
			buildSettings = {
				ALWAYS_SEARCH_USER_PATHS = NO;
				CLANG_ANALYZER_LOCALIZABILITY_NONLOCALIZED = YES;
				CLANG_CXX_LANGUAGE_STANDARD = "c++20";
				CLANG_CXX_LIBRARY = "libc++";
				CLANG_ENABLE_MODULES = YES;
				CLANG_ENABLE_OBJC_ARC = YES;
				CLANG_WARN_BLOCK_CAPTURE_AUTORELEASING = YES;
				CLANG_WARN_BOOL_CONVERSION = YES;
				CLANG_WARN_COMMA = YES;
				CLANG_WARN_CONSTANT_CONVERSION = YES;
				CLANG_WARN_DEPRECATED_OBJC_IMPLEMENTATIONS = YES;
				CLANG_WARN_DIRECT_OBJC_ISA_USAGE = YES_ERROR;
				CLANG_WARN_EMPTY_BODY = YES;
				CLANG_WARN_ENUM_CONVERSION = YES;
				CLANG_WARN_INFINITE_RECURSION = YES;
				CLANG_WARN_INT_CONVERSION = YES;
				CLANG_WARN_NON_LITERAL_NULL_CONVERSION = YES;
				CLANG_WARN_OBJC_IMPLICIT_RETAIN_SELF = YES;
				CLANG_WARN_OBJC_LITERAL_CONVERSION = YES;
				CLANG_WARN_OBJC_ROOT_CLASS = YES_ERROR;
				CLANG_WARN_RANGE_LOOP_ANALYSIS = YES;
				CLANG_WARN_STRICT_PROTOTYPES = YES;
				CLANG_WARN_SUSPICIOUS_MOVE = YES;
				CLANG_WARN_UNREACHABLE_CODE = YES;
				CLANG_WARN__DUPLICATE_METHOD_MATCH = YES;
				"CODE_SIGN_IDENTITY[sdk=iphoneos*]" = "iPhone Developer";
				COPY_PHASE_STRIP = YES;
				ENABLE_NS_ASSERTIONS = NO;
				ENABLE_STRICT_OBJC_MSGSEND = YES;
				GCC_C_LANGUAGE_STANDARD = gnu99;
				GCC_NO_COMMON_BLOCKS = YES;
				GCC_WARN_64_TO_32_BIT_CONVERSION = YES;
				GCC_WARN_ABOUT_RETURN_TYPE = YES_ERROR;
				GCC_WARN_UNDECLARED_SELECTOR = YES;
				GCC_WARN_UNINITIALIZED_AUTOS = YES_AGGRESSIVE;
				GCC_WARN_UNUSED_FUNCTION = YES;
				GCC_WARN_UNUSED_VARIABLE = YES;
				IPHONEOS_DEPLOYMENT_TARGET = 15.1;
				LD_RUNPATH_SEARCH_PATHS = (
					/usr/lib/swift,
					"$(inherited)",
				);
				LIBRARY_SEARCH_PATHS = "$(SDKROOT)/usr/lib/swift\"$(inherited)\"";
				MTL_ENABLE_DEBUG_INFO = NO;
				OTHER_CFLAGS = (
					"$(inherited)",
					"-fmodule-map-file=${PODS_ROOT}/Headers/Public/RCTDeprecation/RCTDeprecation.modulemap",
					"-DRCT_REMOVE_LEGACY_ARCH=1",
				);
				OTHER_CPLUSPLUSFLAGS = (
					"$(inherited)",
					"-DRCT_REMOVE_LEGACY_ARCH=1",
				);
				REACT_NATIVE_PATH = "${PODS_ROOT}/../../node_modules/react-native";
				SDKROOT = iphoneos;
				SWIFT_ENABLE_EXPLICIT_MODULES = NO;
				USE_HERMES = true;
				VALIDATE_PRODUCT = YES;
			};
			name = Release;
		};
		955B92E42ECC4C06002E117A /* Debug */ = {
			isa = XCBuildConfiguration;
			buildSettings = {
				ASSETCATALOG_COMPILER_GENERATE_SWIFT_ASSET_SYMBOL_EXTENSIONS = YES;
				CLANG_ANALYZER_NONNULL = YES;
				CLANG_ANALYZER_NUMBER_OBJECT_CONVERSION = YES_AGGRESSIVE;
				CLANG_CXX_LANGUAGE_STANDARD = "gnu++20";
				CLANG_ENABLE_OBJC_WEAK = YES;
				CLANG_WARN_DOCUMENTATION_COMMENTS = YES;
				CLANG_WARN_QUOTED_INCLUDE_IN_FRAMEWORK_HEADER = YES;
				CLANG_WARN_UNGUARDED_AVAILABILITY = YES_AGGRESSIVE;
				CODE_SIGN_IDENTITY = "Apple Development";
				CODE_SIGN_STYLE = Automatic;
				CURRENT_PROJECT_VERSION = 1;
				DEBUG_INFORMATION_FORMAT = dwarf;
				DEVELOPMENT_TEAM = 3HJCW252T6;
				ENABLE_USER_SCRIPT_SANDBOXING = YES;
				GCC_C_LANGUAGE_STANDARD = gnu17;
				GENERATE_INFOPLIST_FILE = YES;
				INFOPLIST_FILE = IllusiShare/Info.plist;
				INFOPLIST_KEY_CFBundleDisplayName = IllusiShare;
				INFOPLIST_KEY_NSHumanReadableCopyright = "";
				IPHONEOS_DEPLOYMENT_TARGET = 18.2;
				LD_RUNPATH_SEARCH_PATHS = (
					"$(inherited)",
					"@executable_path/Frameworks",
					"@executable_path/../../Frameworks",
				);
				LOCALIZATION_PREFERS_STRING_CATALOGS = YES;
				MARKETING_VERSION = 1.0;
				MTL_ENABLE_DEBUG_INFO = INCLUDE_SOURCE;
				MTL_FAST_MATH = YES;
				OTHER_CFLAGS = "$(inherited)";
				OTHER_SWIFT_FLAGS = "$(inherited) -D EXPO_CONFIGURATION_DEBUG";
				PRODUCT_BUNDLE_IDENTIFIER = com.illusion137.Illusi.IllusiShare;
				PRODUCT_NAME = "$(TARGET_NAME)";
				SKIP_INSTALL = YES;
				SWIFT_ACTIVE_COMPILATION_CONDITIONS = "DEBUG $(inherited)";
				SWIFT_EMIT_LOC_STRINGS = YES;
				SWIFT_OPTIMIZATION_LEVEL = "-Onone";
				SWIFT_VERSION = 5.0;
				TARGETED_DEVICE_FAMILY = 1;
			};
			name = Debug;
		};
		955B92E52ECC4C06002E117A /* Release */ = {
			isa = XCBuildConfiguration;
			buildSettings = {
				ASSETCATALOG_COMPILER_GENERATE_SWIFT_ASSET_SYMBOL_EXTENSIONS = YES;
				CLANG_ANALYZER_NONNULL = YES;
				CLANG_ANALYZER_NUMBER_OBJECT_CONVERSION = YES_AGGRESSIVE;
				CLANG_CXX_LANGUAGE_STANDARD = "gnu++20";
				CLANG_ENABLE_OBJC_WEAK = YES;
				CLANG_WARN_DOCUMENTATION_COMMENTS = YES;
				CLANG_WARN_QUOTED_INCLUDE_IN_FRAMEWORK_HEADER = YES;
				CLANG_WARN_UNGUARDED_AVAILABILITY = YES_AGGRESSIVE;
				CODE_SIGN_IDENTITY = "Apple Development";
				CODE_SIGN_STYLE = Automatic;
				COPY_PHASE_STRIP = NO;
				CURRENT_PROJECT_VERSION = 1;
				DEBUG_INFORMATION_FORMAT = "dwarf-with-dsym";
				DEVELOPMENT_TEAM = 3HJCW252T6;
				ENABLE_USER_SCRIPT_SANDBOXING = YES;
				GCC_C_LANGUAGE_STANDARD = gnu17;
				GENERATE_INFOPLIST_FILE = YES;
				INFOPLIST_FILE = IllusiShare/Info.plist;
				INFOPLIST_KEY_CFBundleDisplayName = IllusiShare;
				INFOPLIST_KEY_NSHumanReadableCopyright = "";
				IPHONEOS_DEPLOYMENT_TARGET = 18.2;
				LD_RUNPATH_SEARCH_PATHS = (
					"$(inherited)",
					"@executable_path/Frameworks",
					"@executable_path/../../Frameworks",
				);
				LOCALIZATION_PREFERS_STRING_CATALOGS = YES;
				MARKETING_VERSION = 1.0;
				MTL_FAST_MATH = YES;
				OTHER_CFLAGS = "$(inherited)";
				OTHER_SWIFT_FLAGS = "$(inherited) -D EXPO_CONFIGURATION_RELEASE";
				PRODUCT_BUNDLE_IDENTIFIER = com.illusion137.Illusi.IllusiShare;
				PRODUCT_NAME = "$(TARGET_NAME)";
				SKIP_INSTALL = YES;
				SWIFT_COMPILATION_MODE = wholemodule;
				SWIFT_EMIT_LOC_STRINGS = YES;
				SWIFT_VERSION = 5.0;
				TARGETED_DEVICE_FAMILY = 1;
			};
			name = Release;
		};
/* End XCBuildConfiguration section */

/* Begin XCConfigurationList section */
		13B07F931A680F5B00A75B9A /* Build configuration list for PBXNativeTarget "Illusi" */ = {
			isa = XCConfigurationList;
			buildConfigurations = (
				13B07F941A680F5B00A75B9A /* Debug */,
				13B07F951A680F5B00A75B9A /* Release */,
			);
			defaultConfigurationIsVisible = 0;
			defaultConfigurationName = Release;
		};
		83CBB9FA1A601CBA00E9B192 /* Build configuration list for PBXProject "Illusi" */ = {
			isa = XCConfigurationList;
			buildConfigurations = (
				83CBBA201A601CBA00E9B192 /* Debug */,
				83CBBA211A601CBA00E9B192 /* Release */,
			);
			defaultConfigurationIsVisible = 0;
			defaultConfigurationName = Release;
		};
		955B92E72ECC4C06002E117A /* Build configuration list for PBXNativeTarget "IllusiShare" */ = {
			isa = XCConfigurationList;
			buildConfigurations = (
				955B92E42ECC4C06002E117A /* Debug */,
				955B92E52ECC4C06002E117A /* Release */,
			);
			defaultConfigurationIsVisible = 0;
			defaultConfigurationName = Release;
		};
/* End XCConfigurationList section */
	};
	rootObject = 83CBB9F71A601CBA00E9B192 /* Project object */;
}
